
Microsoft Visual Studio Solution File, Format Version 12.00
# Visual Studio Version 17
VisualStudioVersion = 17.13.35931.197
MinimumVisualStudioVersion = 10.0.40219.1
Project("{FAE04EC0-301F-11D3-BF4B-00C04F79EFBC}") = "Ex03.GarageLogic", "Ex03.GarageLogic\Ex03.GarageLogic.csproj", "{96220106-9352-4A04-AD97-AC3A1588C174}"
EndProject
Project("{FAE04EC0-301F-11D3-BF4B-00C04F79EFBC}") = "Ex03.ConsoleUI", "Ex03.ConsoleUI\Ex03.ConsoleUI.csproj", "{193F5704-B452-4B75-A4FD-0640ABA3065D}"
EndProject
Global
	GlobalSection(SolutionConfigurationPlatforms) = preSolution
		Debug|Any CPU = Debug|Any CPU
		Release|Any CPU = Release|Any CPU
	EndGlobalSection
	GlobalSection(ProjectConfigurationPlatforms) = postSolution
		{96220106-9352-4A04-AD97-AC3A1588C174}.Debug|Any CPU.ActiveCfg = Debug|Any CPU
		{96220106-9352-4A04-AD97-AC3A1588C174}.Debug|Any CPU.Build.0 = Debug|Any CPU
		{96220106-9352-4A04-AD97-AC3A1588C174}.Release|Any CPU.ActiveCfg = Release|Any CPU
		{96220106-9352-4A04-AD97-AC3A1588C174}.Release|Any CPU.Build.0 = Release|Any CPU
		{193F5704-B452-4B75-A4FD-0640ABA3065D}.Debug|Any CPU.ActiveCfg = Debug|Any CPU
		{193F5704-B452-4B75-A4FD-0640ABA3065D}.Debug|Any CPU.Build.0 = Debug|Any CPU
		{193F5704-B452-4B75-A4FD-0640ABA3065D}.Release|Any CPU.ActiveCfg = Release|Any CPU
		{193F5704-B452-4B75-A4FD-0640ABA3065D}.Release|Any CPU.Build.0 = Release|Any CPU
	EndGlobalSection
	GlobalSection(SolutionProperties) = preSolution
		HideSolutionNode = FALSE
	EndGlobalSection
	GlobalSection(ExtensibilityGlobals) = postSolution
		SolutionGuid = {2BC8E524-61C9-43F9-B7AE-E745AB11989E}
	EndGlobalSection
EndGlobal
